
Microsoft Visual Studio Solution File, Format Version 12.00
# Visual Studio 15
VisualStudioVersion = 15.0.28307.572
MinimumVisualStudioVersion = 10.0.40219.1
Project("{FAE04EC0-301F-11D3-BF4B-00C04F79EFBC}") = "FloorChecker.Android", "FloorChecker\FloorChecker.Android\FloorChecker.Android.csproj", "{A810BA89-D3FB-4F75-A371-4A76FC69B08A}"
EndProject
Project("{FAE04EC0-301F-11D3-BF4B-00C04F79EFBC}") = "FloorChecker.iOS", "FloorChecker\FloorChecker.iOS\FloorChecker.iOS.csproj", "{61494124-F1B8-444E-A5E8-D21047F8B59B}"
EndProject
Project("{FAE04EC0-301F-11D3-BF4B-00C04F79EFBC}") = "FloorChecker", "FloorChecker\FloorChecker\FloorChecker.csproj", "{063A1150-C9AB-4DE9-9B1C-F3ADBC71230D}"
EndProject
Global
	GlobalSection(SolutionConfigurationPlatforms) = preSolution
		Ad-Hoc|Any CPU = Ad-Hoc|Any CPU
		Ad-Hoc|iPhone = Ad-Hoc|iPhone
		Ad-Hoc|iPhoneSimulator = Ad-Hoc|iPhoneSimulator
		AppStore|Any CPU = AppStore|Any CPU
		AppStore|iPhone = AppStore|iPhone
		AppStore|iPhoneSimulator = AppStore|iPhoneSimulator
		Debug|Any CPU = Debug|Any CPU
		Debug|iPhone = Debug|iPhone
		Debug|iPhoneSimulator = Debug|iPhoneSimulator
		Release|Any CPU = Release|Any CPU
		Release|iPhone = Release|iPhone
		Release|iPhoneSimulator = Release|iPhoneSimulator
	EndGlobalSection
	GlobalSection(ProjectConfigurationPlatforms) = postSolution
		{A810BA89-D3FB-4F75-A371-4A76FC69B08A}.Ad-Hoc|Any CPU.ActiveCfg = Release|Any CPU
		{A810BA89-D3FB-4F75-A371-4A76FC69B08A}.Ad-Hoc|Any CPU.Build.0 = Release|Any CPU
		{A810BA89-D3FB-4F75-A371-4A76FC69B08A}.Ad-Hoc|Any CPU.Deploy.0 = Release|Any CPU
		{A810BA89-D3FB-4F75-A371-4A76FC69B08A}.Ad-Hoc|iPhone.ActiveCfg = Release|Any CPU
		{A810BA89-D3FB-4F75-A371-4A76FC69B08A}.Ad-Hoc|iPhone.Build.0 = Release|Any CPU
		{A810BA89-D3FB-4F75-A371-4A76FC69B08A}.Ad-Hoc|iPhone.Deploy.0 = Release|Any CPU
		{A810BA89-D3FB-4F75-A371-4A76FC69B08A}.Ad-Hoc|iPhoneSimulator.ActiveCfg = Release|Any CPU
		{A810BA89-D3FB-4F75-A371-4A76FC69B08A}.Ad-Hoc|iPhoneSimulator.Build.0 = Release|Any CPU
		{A810BA89-D3FB-4F75-A371-4A76FC69B08A}.Ad-Hoc|iPhoneSimulator.Deploy.0 = Release|Any CPU
		{A810BA89-D3FB-4F75-A371-4A76FC69B08A}.AppStore|Any CPU.ActiveCfg = Release|Any CPU
		{A810BA89-D3FB-4F75-A371-4A76FC69B08A}.AppStore|Any CPU.Build.0 = Release|Any CPU
		{A810BA89-D3FB-4F75-A371-4A76FC69B08A}.AppStore|Any CPU.Deploy.0 = Release|Any CPU
		{A810BA89-D3FB-4F75-A371-4A76FC69B08A}.AppStore|iPhone.ActiveCfg = Release|Any CPU
		{A810BA89-D3FB-4F75-A371-4A76FC69B08A}.AppStore|iPhone.Build.0 = Release|Any CPU
		{A810BA89-D3FB-4F75-A371-4A76FC69B08A}.AppStore|iPhone.Deploy.0 = Release|Any CPU
		{A810BA89-D3FB-4F75-A371-4A76FC69B08A}.AppStore|iPhoneSimulator.ActiveCfg = Release|Any CPU
		{A810BA89-D3FB-4F75-A371-4A76FC69B08A}.AppStore|iPhoneSimulator.Build.0 = Release|Any CPU
		{A810BA89-D3FB-4F75-A371-4A76FC69B08A}.AppStore|iPhoneSimulator.Deploy.0 = Release|Any CPU
		{A810BA89-D3FB-4F75-A371-4A76FC69B08A}.Debug|Any CPU.ActiveCfg = Debug|Any CPU
		{A810BA89-D3FB-4F75-A371-4A76FC69B08A}.Debug|Any CPU.Build.0 = Debug|Any CPU
		{A810BA89-D3FB-4F75-A371-4A76FC69B08A}.Debug|Any CPU.Deploy.0 = Debug|Any CPU
		{A810BA89-D3FB-4F75-A371-4A76FC69B08A}.Debug|iPhone.ActiveCfg = Debug|Any CPU
		{A810BA89-D3FB-4F75-A371-4A76FC69B08A}.Debug|iPhone.Build.0 = Debug|Any CPU
		{A810BA89-D3FB-4F75-A371-4A76FC69B08A}.Debug|iPhone.Deploy.0 = Debug|Any CPU
		{A810BA89-D3FB-4F75-A371-4A76FC69B08A}.Debug|iPhoneSimulator.ActiveCfg = Debug|Any CPU
		{A810BA89-D3FB-4F75-A371-4A76FC69B08A}.Debug|iPhoneSimulator.Build.0 = Debug|Any CPU
		{A810BA89-D3FB-4F75-A371-4A76FC69B08A}.Debug|iPhoneSimulator.Deploy.0 = Debug|Any CPU
		{A810BA89-D3FB-4F75-A371-4A76FC69B08A}.Release|Any CPU.ActiveCfg = Release|Any CPU
		{A810BA89-D3FB-4F75-A371-4A76FC69B08A}.Release|Any CPU.Build.0 = Release|Any CPU
		{A810BA89-D3FB-4F75-A371-4A76FC69B08A}.Release|Any CPU.Deploy.0 = Release|Any CPU
		{A810BA89-D3FB-4F75-A371-4A76FC69B08A}.Release|iPhone.ActiveCfg = Release|Any CPU
		{A810BA89-D3FB-4F75-A371-4A76FC69B08A}.Release|iPhone.Build.0 = Release|Any CPU
		{A810BA89-D3FB-4F75-A371-4A76FC69B08A}.Release|iPhone.Deploy.0 = Release|Any CPU
		{A810BA89-D3FB-4F75-A371-4A76FC69B08A}.Release|iPhoneSimulator.ActiveCfg = Release|Any CPU
		{A810BA89-D3FB-4F75-A371-4A76FC69B08A}.Release|iPhoneSimulator.Build.0 = Release|Any CPU
		{A810BA89-D3FB-4F75-A371-4A76FC69B08A}.Release|iPhoneSimulator.Deploy.0 = Release|Any CPU
		{61494124-F1B8-444E-A5E8-D21047F8B59B}.Ad-Hoc|Any CPU.ActiveCfg = Ad-Hoc|iPhone
		{61494124-F1B8-444E-A5E8-D21047F8B59B}.Ad-Hoc|Any CPU.Build.0 = Ad-Hoc|iPhone
		{61494124-F1B8-444E-A5E8-D21047F8B59B}.Ad-Hoc|Any CPU.Deploy.0 = Ad-Hoc|iPhone
		{61494124-F1B8-444E-A5E8-D21047F8B59B}.Ad-Hoc|iPhone.ActiveCfg = Ad-Hoc|iPhone
		{61494124-F1B8-444E-A5E8-D21047F8B59B}.Ad-Hoc|iPhone.Build.0 = Ad-Hoc|iPhone
		{61494124-F1B8-444E-A5E8-D21047F8B59B}.Ad-Hoc|iPhone.Deploy.0 = Ad-Hoc|iPhone
		{61494124-F1B8-444E-A5E8-D21047F8B59B}.Ad-Hoc|iPhoneSimulator.ActiveCfg = Ad-Hoc|iPhoneSimulator
		{61494124-F1B8-444E-A5E8-D21047F8B59B}.Ad-Hoc|iPhoneSimulator.Build.0 = Ad-Hoc|iPhoneSimulator
		{61494124-F1B8-444E-A5E8-D21047F8B59B}.Ad-Hoc|iPhoneSimulator.Deploy.0 = Ad-Hoc|iPhoneSimulator
		{61494124-F1B8-444E-A5E8-D21047F8B59B}.AppStore|Any CPU.ActiveCfg = AppStore|iPhone
		{61494124-F1B8-444E-A5E8-D21047F8B59B}.AppStore|Any CPU.Build.0 = AppStore|iPhone
		{61494124-F1B8-444E-A5E8-D21047F8B59B}.AppStore|Any CPU.Deploy.0 = AppStore|iPhone
		{61494124-F1B8-444E-A5E8-D21047F8B59B}.AppStore|iPhone.ActiveCfg = AppStore|iPhone
		{61494124-F1B8-444E-A5E8-D21047F8B59B}.AppStore|iPhone.Build.0 = AppStore|iPhone
		{61494124-F1B8-444E-A5E8-D21047F8B59B}.AppStore|iPhone.Deploy.0 = AppStore|iPhone
		{61494124-F1B8-444E-A5E8-D21047F8B59B}.AppStore|iPhoneSimulator.ActiveCfg = AppStore|iPhoneSimulator
		{61494124-F1B8-444E-A5E8-D21047F8B59B}.AppStore|iPhoneSimulator.Build.0 = AppStore|iPhoneSimulator
		{61494124-F1B8-444E-A5E8-D21047F8B59B}.AppStore|iPhoneSimulator.Deploy.0 = AppStore|iPhoneSimulator
		{61494124-F1B8-444E-A5E8-D21047F8B59B}.Debug|Any CPU.ActiveCfg = Debug|iPhoneSimulator
		{61494124-F1B8-444E-A5E8-D21047F8B59B}.Debug|Any CPU.Build.0 = Debug|iPhoneSimulator
		{61494124-F1B8-444E-A5E8-D21047F8B59B}.Debug|Any CPU.Deploy.0 = Debug|iPhoneSimulator
		{61494124-F1B8-444E-A5E8-D21047F8B59B}.Debug|iPhone.ActiveCfg = Debug|iPhone
		{61494124-F1B8-444E-A5E8-D21047F8B59B}.Debug|iPhone.Build.0 = Debug|iPhone
		{61494124-F1B8-444E-A5E8-D21047F8B59B}.Debug|iPhone.Deploy.0 = Debug|iPhone
		{61494124-F1B8-444E-A5E8-D21047F8B59B}.Debug|iPhoneSimulator.ActiveCfg = Debug|iPhoneSimulator
		{61494124-F1B8-444E-A5E8-D21047F8B59B}.Debug|iPhoneSimulator.Build.0 = Debug|iPhoneSimulator
		{61494124-F1B8-444E-A5E8-D21047F8B59B}.Debug|iPhoneSimulator.Deploy.0 = Debug|iPhoneSimulator
		{61494124-F1B8-444E-A5E8-D21047F8B59B}.Release|Any CPU.ActiveCfg = Release|iPhone
		{61494124-F1B8-444E-A5E8-D21047F8B59B}.Release|Any CPU.Build.0 = Release|iPhone
		{61494124-F1B8-444E-A5E8-D21047F8B59B}.Release|Any CPU.Deploy.0 = Release|iPhone
		{61494124-F1B8-444E-A5E8-D21047F8B59B}.Release|iPhone.ActiveCfg = Release|iPhone
		{61494124-F1B8-444E-A5E8-D21047F8B59B}.Release|iPhone.Build.0 = Release|iPhone
		{61494124-F1B8-444E-A5E8-D21047F8B59B}.Release|iPhone.Deploy.0 = Release|iPhone
		{61494124-F1B8-444E-A5E8-D21047F8B59B}.Release|iPhoneSimulator.ActiveCfg = Release|iPhoneSimulator
		{61494124-F1B8-444E-A5E8-D21047F8B59B}.Release|iPhoneSimulator.Build.0 = Release|iPhoneSimulator
		{61494124-F1B8-444E-A5E8-D21047F8B59B}.Release|iPhoneSimulator.Deploy.0 = Release|iPhoneSimulator
		{063A1150-C9AB-4DE9-9B1C-F3ADBC71230D}.Ad-Hoc|Any CPU.ActiveCfg = Debug|Any CPU
		{063A1150-C9AB-4DE9-9B1C-F3ADBC71230D}.Ad-Hoc|Any CPU.Build.0 = Debug|Any CPU
		{063A1150-C9AB-4DE9-9B1C-F3ADBC71230D}.Ad-Hoc|Any CPU.Deploy.0 = Debug|Any CPU
		{063A1150-C9AB-4DE9-9B1C-F3ADBC71230D}.Ad-Hoc|iPhone.ActiveCfg = Debug|Any CPU
		{063A1150-C9AB-4DE9-9B1C-F3ADBC71230D}.Ad-Hoc|iPhone.Build.0 = Debug|Any CPU
		{063A1150-C9AB-4DE9-9B1C-F3ADBC71230D}.Ad-Hoc|iPhone.Deploy.0 = Debug|Any CPU
		{063A1150-C9AB-4DE9-9B1C-F3ADBC71230D}.Ad-Hoc|iPhoneSimulator.ActiveCfg = Debug|Any CPU
		{063A1150-C9AB-4DE9-9B1C-F3ADBC71230D}.Ad-Hoc|iPhoneSimulator.Build.0 = Debug|Any CPU
		{063A1150-C9AB-4DE9-9B1C-F3ADBC71230D}.Ad-Hoc|iPhoneSimulator.Deploy.0 = Debug|Any CPU
		{063A1150-C9AB-4DE9-9B1C-F3ADBC71230D}.AppStore|Any CPU.ActiveCfg = Debug|Any CPU
		{063A1150-C9AB-4DE9-9B1C-F3ADBC71230D}.AppStore|Any CPU.Build.0 = Debug|Any CPU
		{063A1150-C9AB-4DE9-9B1C-F3ADBC71230D}.AppStore|Any CPU.Deploy.0 = Debug|Any CPU
		{063A1150-C9AB-4DE9-9B1C-F3ADBC71230D}.AppStore|iPhone.ActiveCfg = Debug|Any CPU
		{063A1150-C9AB-4DE9-9B1C-F3ADBC71230D}.AppStore|iPhone.Build.0 = Debug|Any CPU
		{063A1150-C9AB-4DE9-9B1C-F3ADBC71230D}.AppStore|iPhone.Deploy.0 = Debug|Any CPU
		{063A1150-C9AB-4DE9-9B1C-F3ADBC71230D}.AppStore|iPhoneSimulator.ActiveCfg = Debug|Any CPU
		{063A1150-C9AB-4DE9-9B1C-F3ADBC71230D}.AppStore|iPhoneSimulator.Build.0 = Debug|Any CPU
		{063A1150-C9AB-4DE9-9B1C-F3ADBC71230D}.AppStore|iPhoneSimulator.Deploy.0 = Debug|Any CPU
		{063A1150-C9AB-4DE9-9B1C-F3ADBC71230D}.Debug|Any CPU.ActiveCfg = Debug|Any CPU
		{063A1150-C9AB-4DE9-9B1C-F3ADBC71230D}.Debug|Any CPU.Build.0 = Debug|Any CPU
		{063A1150-C9AB-4DE9-9B1C-F3ADBC71230D}.Debug|Any CPU.Deploy.0 = Debug|Any CPU
		{063A1150-C9AB-4DE9-9B1C-F3ADBC71230D}.Debug|iPhone.ActiveCfg = Debug|Any CPU
		{063A1150-C9AB-4DE9-9B1C-F3ADBC71230D}.Debug|iPhone.Build.0 = Debug|Any CPU
		{063A1150-C9AB-4DE9-9B1C-F3ADBC71230D}.Debug|iPhone.Deploy.0 = Debug|Any CPU
		{063A1150-C9AB-4DE9-9B1C-F3ADBC71230D}.Debug|iPhoneSimulator.ActiveCfg = Debug|Any CPU
		{063A1150-C9AB-4DE9-9B1C-F3ADBC71230D}.Debug|iPhoneSimulator.Build.0 = Debug|Any CPU
		{063A1150-C9AB-4DE9-9B1C-F3ADBC71230D}.Debug|iPhoneSimulator.Deploy.0 = Debug|Any CPU
		{063A1150-C9AB-4DE9-9B1C-F3ADBC71230D}.Release|Any CPU.ActiveCfg = Release|Any CPU
		{063A1150-C9AB-4DE9-9B1C-F3ADBC71230D}.Release|Any CPU.Build.0 = Release|Any CPU
		{063A1150-C9AB-4DE9-9B1C-F3ADBC71230D}.Release|Any CPU.Deploy.0 = Release|Any CPU
		{063A1150-C9AB-4DE9-9B1C-F3ADBC71230D}.Release|iPhone.ActiveCfg = Release|Any CPU
		{063A1150-C9AB-4DE9-9B1C-F3ADBC71230D}.Release|iPhone.Build.0 = Release|Any CPU
		{063A1150-C9AB-4DE9-9B1C-F3ADBC71230D}.Release|iPhone.Deploy.0 = Release|Any CPU
		{063A1150-C9AB-4DE9-9B1C-F3ADBC71230D}.Release|iPhoneSimulator.ActiveCfg = Release|Any CPU
		{063A1150-C9AB-4DE9-9B1C-F3ADBC71230D}.Release|iPhoneSimulator.Build.0 = Release|Any CPU
		{063A1150-C9AB-4DE9-9B1C-F3ADBC71230D}.Release|iPhoneSimulator.Deploy.0 = Release|Any CPU
	EndGlobalSection
	GlobalSection(SolutionProperties) = preSolution
		HideSolutionNode = FALSE
	EndGlobalSection
	GlobalSection(ExtensibilityGlobals) = postSolution
		SolutionGuid = {F3D34CF5-D439-4308-87ED-60573E8FAC8B}
	EndGlobalSection
EndGlobal
